
Microsoft Visual Studio Solution File, Format Version 12.00
Project("{FAE04EC0-301F-11D3-BF4B-00C04F79EFBC}") = "StockApi", "StockApi\StockApi.csproj", "{D1DBF383-8E7C-494F-A94F-8FB1DD7AD973}"
EndProject
Global
	GlobalSection(SolutionConfigurationPlatforms) = preSolution
		Debug|Any CPU = Debug|Any CPU
		Release|Any CPU = Release|Any CPU
	EndGlobalSection
	GlobalSection(ProjectConfigurationPlatforms) = postSolution
		{D1DBF383-8E7C-494F-A94F-8FB1DD7AD973}.Debug|Any CPU.ActiveCfg = Debug|Any CPU
		{D1DBF383-8E7C-494F-A94F-8FB1DD7AD973}.Debug|Any CPU.Build.0 = Debug|Any CPU
		{D1DBF383-8E7C-494F-A94F-8FB1DD7AD973}.Release|Any CPU.ActiveCfg = Release|Any CPU
		{D1DBF383-8E7C-494F-A94F-8FB1DD7AD973}.Release|Any CPU.Build.0 = Release|Any CPU
	EndGlobalSection
EndGlobal
